
Microsoft Visual Studio Solution File, Format Version 12.00
# Visual Studio Version 16
VisualStudioVersion = 16.0.30804.86
MinimumVisualStudioVersion = 10.0.40219.1
Project("{FAE04EC0-301F-11D3-BF4B-00C04F79EFBC}") = "ArduinoDUAL", "ArduinoDUAL\ArduinoDUAL.csproj", "{CBB510C8-1995-418A-9AC8-E2A01AD18DB3}"
EndProject
Global
	GlobalSection(SolutionConfigurationPlatforms) = preSolution
		Debug|Any CPU = Debug|Any CPU
		Release|Any CPU = Release|Any CPU
	EndGlobalSection
	GlobalSection(ProjectConfigurationPlatforms) = postSolution
		{CBB510C8-1995-418A-9AC8-E2A01AD18DB3}.Debug|Any CPU.ActiveCfg = Debug|Any CPU
		{CBB510C8-1995-418A-9AC8-E2A01AD18DB3}.Debug|Any CPU.Build.0 = Debug|Any CPU
		{CBB510C8-1995-418A-9AC8-E2A01AD18DB3}.Release|Any CPU.ActiveCfg = Release|Any CPU
		{CBB510C8-1995-418A-9AC8-E2A01AD18DB3}.Release|Any CPU.Build.0 = Release|Any CPU
	EndGlobalSection
	GlobalSection(SolutionProperties) = preSolution
		HideSolutionNode = FALSE
	EndGlobalSection
	GlobalSection(ExtensibilityGlobals) = postSolution
		SolutionGuid = {3590ACBA-93CD-4FE3-B7E4-92744DBCC1BF}
	EndGlobalSection
EndGlobal
